// !$*UTF8*$!
{
	archiveVersion = 1;
	classes = {
	};
	objectVersion = 77;
	objects = {

/* Begin PBXBuildFile section */
		1C953C912CFFE11800F08DA8 /* SocketIO in Frameworks */ = {isa = PBXBuildFile; productRef = 1C953C902CFFE11800F08DA8 /* SocketIO */; };
/* End PBXBuildFile section */

/* Begin PBXContainerItemProxy section */
		1C1787EC2CDFDFF800C615D9 /* PBXContainerItemProxy */ = {
			isa = PBXContainerItemProxy;
			containerPortal = 1C1787D32CDFDFF600C615D9 /* Project object */;
			proxyType = 1;
			remoteGlobalIDString = 1C1787DA2CDFDFF600C615D9;
			remoteInfo = Pat;
		};
		1C1787F62CDFDFF800C615D9 /* PBXContainerItemProxy */ = {
			isa = PBXContainerItemProxy;
			containerPortal = 1C1787D32CDFDFF600C615D9 /* Project object */;
			proxyType = 1;
			remoteGlobalIDString = 1C1787DA2CDFDFF600C615D9;
			remoteInfo = Pat;
		};
/* End PBXContainerItemProxy section */

/* Begin PBXFileReference section */
		1C1787DB2CDFDFF600C615D9 /* Pat.app */ = {isa = PBXFileReference; explicitFileType = wrapper.application; includeInIndex = 0; path = Pat.app; sourceTree = BUILT_PRODUCTS_DIR; };
		1C1787EB2CDFDFF800C615D9 /* PatTests.xctest */ = {isa = PBXFileReference; explicitFileType = wrapper.cfbundle; includeInIndex = 0; path = PatTests.xctest; sourceTree = BUILT_PRODUCTS_DIR; };
		1C1787F52CDFDFF800C615D9 /* PatUITests.xctest */ = {isa = PBXFileReference; explicitFileType = wrapper.cfbundle; includeInIndex = 0; path = PatUITests.xctest; sourceTree = BUILT_PRODUCTS_DIR; };
		1C86E62A2CE9C7B900ACBECC /* .gitignore */ = {isa = PBXFileReference; lastKnownFileType = text; path = .gitignore; sourceTree = "<group>"; };
/* End PBXFileReference section */

/* Begin PBXFileSystemSynchronizedBuildFileExceptionSet section */
		1C86E6292CE9A50000ACBECC /* Exceptions for "Pat" folder in "Pat" target */ = {
			isa = PBXFileSystemSynchronizedBuildFileExceptionSet;
			membershipExceptions = (
				Config/Development.xcconfig,
				Info.plist,
			);
			target = 1C1787DA2CDFDFF600C615D9 /* Pat */;
		};
/* End PBXFileSystemSynchronizedBuildFileExceptionSet section */

/* Begin PBXFileSystemSynchronizedRootGroup section */
		1C1787DD2CDFDFF600C615D9 /* Pat */ = {
			isa = PBXFileSystemSynchronizedRootGroup;
			exceptions = (
				1C86E6292CE9A50000ACBECC /* Exceptions for "Pat" folder in "Pat" target */,
			);
			path = Pat;
			sourceTree = "<group>";
		};
		1C1787EE2CDFDFF800C615D9 /* PatTests */ = {
			isa = PBXFileSystemSynchronizedRootGroup;
			path = PatTests;
			sourceTree = "<group>";
		};
		1C1787F82CDFDFF800C615D9 /* PatUITests */ = {
			isa = PBXFileSystemSynchronizedRootGroup;
			path = PatUITests;
			sourceTree = "<group>";
		};
/* End PBXFileSystemSynchronizedRootGroup section */

/* Begin PBXFrameworksBuildPhase section */
		1C1787D82CDFDFF600C615D9 /* Frameworks */ = {
			isa = PBXFrameworksBuildPhase;
			buildActionMask = 2147483647;
			files = (
				1C953C912CFFE11800F08DA8 /* SocketIO in Frameworks */,
			);
			runOnlyForDeploymentPostprocessing = 0;
		};
		1C1787E82CDFDFF800C615D9 /* Frameworks */ = {
			isa = PBXFrameworksBuildPhase;
			buildActionMask = 2147483647;
			files = (
			);
			runOnlyForDeploymentPostprocessing = 0;
		};
		1C1787F22CDFDFF800C615D9 /* Frameworks */ = {
			isa = PBXFrameworksBuildPhase;
			buildActionMask = 2147483647;
			files = (
			);
			runOnlyForDeploymentPostprocessing = 0;
		};
/* End PBXFrameworksBuildPhase section */

/* Begin PBXGroup section */
		1C1787D22CDFDFF600C615D9 = {
			isa = PBXGroup;
			children = (
				1C1787DD2CDFDFF600C615D9 /* Pat */,
				1C1787EE2CDFDFF800C615D9 /* PatTests */,
				1C1787F82CDFDFF800C615D9 /* PatUITests */,
				1C1787DC2CDFDFF600C615D9 /* Products */,
				1C86E62A2CE9C7B900ACBECC /* .gitignore */,
			);
			sourceTree = "<group>";
		};
		1C1787DC2CDFDFF600C615D9 /* Products */ = {
			isa = PBXGroup;
			children = (
				1C1787DB2CDFDFF600C615D9 /* Pat.app */,
				1C1787EB2CDFDFF800C615D9 /* PatTests.xctest */,
				1C1787F52CDFDFF800C615D9 /* PatUITests.xctest */,
			);
			name = Products;
			sourceTree = "<group>";
		};
/* End PBXGroup section */

/* Begin PBXNativeTarget section */
		1C1787DA2CDFDFF600C615D9 /* Pat */ = {
			isa = PBXNativeTarget;
			buildConfigurationList = 1C1787FF2CDFDFF800C615D9 /* Build configuration list for PBXNativeTarget "Pat" */;
			buildPhases = (
				1C1787D72CDFDFF600C615D9 /* Sources */,
				1C1787D82CDFDFF600C615D9 /* Frameworks */,
				1C1787D92CDFDFF600C615D9 /* Resources */,
			);
			buildRules = (
			);
			dependencies = (
			);
			fileSystemSynchronizedGroups = (
				1C1787DD2CDFDFF600C615D9 /* Pat */,
			);
			name = Pat;
			packageProductDependencies = (
				1C953C902CFFE11800F08DA8 /* SocketIO */,
			);
			productName = Pat;
			productReference = 1C1787DB2CDFDFF600C615D9 /* Pat.app */;
			productType = "com.apple.product-type.application";
		};
		1C1787EA2CDFDFF800C615D9 /* PatTests */ = {
			isa = PBXNativeTarget;
			buildConfigurationList = 1C1788022CDFDFF800C615D9 /* Build configuration list for PBXNativeTarget "PatTests" */;
			buildPhases = (
				1C1787E72CDFDFF800C615D9 /* Sources */,
				1C1787E82CDFDFF800C615D9 /* Frameworks */,
				1C1787E92CDFDFF800C615D9 /* Resources */,
			);
			buildRules = (
			);
			dependencies = (
				1C1787ED2CDFDFF800C615D9 /* PBXTargetDependency */,
			);
			fileSystemSynchronizedGroups = (
				1C1787EE2CDFDFF800C615D9 /* PatTests */,
			);
			name = PatTests;
			packageProductDependencies = (
			);
			productName = PatTests;
			productReference = 1C1787EB2CDFDFF800C615D9 /* PatTests.xctest */;
			productType = "com.apple.product-type.bundle.unit-test";
		};
		1C1787F42CDFDFF800C615D9 /* PatUITests */ = {
			isa = PBXNativeTarget;
			buildConfigurationList = 1C1788052CDFDFF800C615D9 /* Build configuration list for PBXNativeTarget "PatUITests" */;
			buildPhases = (
				1C1787F12CDFDFF800C615D9 /* Sources */,
				1C1787F22CDFDFF800C615D9 /* Frameworks */,
				1C1787F32CDFDFF800C615D9 /* Resources */,
			);
			buildRules = (
			);
			dependencies = (
				1C1787F72CDFDFF800C615D9 /* PBXTargetDependency */,
			);
			fileSystemSynchronizedGroups = (
				1C1787F82CDFDFF800C615D9 /* PatUITests */,
			);
			name = PatUITests;
			packageProductDependencies = (
			);
			productName = PatUITests;
			productReference = 1C1787F52CDFDFF800C615D9 /* PatUITests.xctest */;
			productType = "com.apple.product-type.bundle.ui-testing";
		};
/* End PBXNativeTarget section */

/* Begin PBXProject section */
		1C1787D32CDFDFF600C615D9 /* Project object */ = {
			isa = PBXProject;
			attributes = {
				BuildIndependentTargetsInParallel = 1;
				LastSwiftUpdateCheck = 1610;
				LastUpgradeCheck = 1610;
				TargetAttributes = {
					1C1787DA2CDFDFF600C615D9 = {
						CreatedOnToolsVersion = 16.1;
					};
					1C1787EA2CDFDFF800C615D9 = {
						CreatedOnToolsVersion = 16.1;
						TestTargetID = 1C1787DA2CDFDFF600C615D9;
					};
					1C1787F42CDFDFF800C615D9 = {
						CreatedOnToolsVersion = 16.1;
						TestTargetID = 1C1787DA2CDFDFF600C615D9;
					};
				};
			};
			buildConfigurationList = 1C1787D62CDFDFF600C615D9 /* Build configuration list for PBXProject "Pat" */;
			developmentRegion = en;
			hasScannedForEncodings = 0;
			knownRegions = (
				en,
				Base,
			);
			mainGroup = 1C1787D22CDFDFF600C615D9;
			minimizedProjectReferenceProxies = 1;
			packageReferences = (
				1C953C8F2CFFE07E00F08DA8 /* XCRemoteSwiftPackageReference "socket" */,
			);
			preferredProjectObjectVersion = 77;
			productRefGroup = 1C1787DC2CDFDFF600C615D9 /* Products */;
			projectDirPath = "";
			projectRoot = "";
			targets = (
				1C1787DA2CDFDFF600C615D9 /* Pat */,
				1C1787EA2CDFDFF800C615D9 /* PatTests */,
				1C1787F42CDFDFF800C615D9 /* PatUITests */,
			);
		};
/* End PBXProject section */

/* Begin PBXResourcesBuildPhase section */
		1C1787D92CDFDFF600C615D9 /* Resources */ = {
			isa = PBXResourcesBuildPhase;
			buildActionMask = 2147483647;
			files = (
			);
			runOnlyForDeploymentPostprocessing = 0;
		};
		1C1787E92CDFDFF800C615D9 /* Resources */ = {
			isa = PBXResourcesBuildPhase;
			buildActionMask = 2147483647;
			files = (
			);
			runOnlyForDeploymentPostprocessing = 0;
		};
		1C1787F32CDFDFF800C615D9 /* Resources */ = {
			isa = PBXResourcesBuildPhase;
			buildActionMask = 2147483647;
			files = (
			);
			runOnlyForDeploymentPostprocessing = 0;
		};
/* End PBXResourcesBuildPhase section */

/* Begin PBXSourcesBuildPhase section */
		1C1787D72CDFDFF600C615D9 /* Sources */ = {
			isa = PBXSourcesBuildPhase;
			buildActionMask = 2147483647;
			files = (
			);
			runOnlyForDeploymentPostprocessing = 0;
		};
		1C1787E72CDFDFF800C615D9 /* Sources */ = {
			isa = PBXSourcesBuildPhase;
			buildActionMask = 2147483647;
			files = (
			);
			runOnlyForDeploymentPostprocessing = 0;
		};
		1C1787F12CDFDFF800C615D9 /* Sources */ = {
			isa = PBXSourcesBuildPhase;
			buildActionMask = 2147483647;
			files = (
			);
			runOnlyForDeploymentPostprocessing = 0;
		};
/* End PBXSourcesBuildPhase section */

/* Begin PBXTargetDependency section */
		1C1787ED2CDFDFF800C615D9 /* PBXTargetDependency */ = {
			isa = PBXTargetDependency;
			target = 1C1787DA2CDFDFF600C615D9 /* Pat */;
			targetProxy = 1C1787EC2CDFDFF800C615D9 /* PBXContainerItemProxy */;
		};
		1C1787F72CDFDFF800C615D9 /* PBXTargetDependency */ = {
			isa = PBXTargetDependency;
			target = 1C1787DA2CDFDFF600C615D9 /* Pat */;
			targetProxy = 1C1787F62CDFDFF800C615D9 /* PBXContainerItemProxy */;
		};
/* End PBXTargetDependency section */

/* Begin XCBuildConfiguration section */
		1C1787FD2CDFDFF800C615D9 /* Debug */ = {
			isa = XCBuildConfiguration;
			baseConfigurationReferenceAnchor = 1C1787DD2CDFDFF600C615D9 /* Pat */;
			baseConfigurationReferenceRelativePath = Config/Development.xcconfig;
			buildSettings = {
				ALWAYS_SEARCH_USER_PATHS = NO;
				ASSETCATALOG_COMPILER_GENERATE_SWIFT_ASSET_SYMBOL_EXTENSIONS = YES;
				CLANG_ANALYZER_NONNULL = YES;
				CLANG_ANALYZER_NUMBER_OBJECT_CONVERSION = YES_AGGRESSIVE;
				CLANG_CXX_LANGUAGE_STANDARD = "gnu++20";
				CLANG_ENABLE_MODULES = YES;
				CLANG_ENABLE_OBJC_ARC = YES;
				CLANG_ENABLE_OBJC_WEAK = YES;
				CLANG_WARN_BLOCK_CAPTURE_AUTORELEASING = YES;
				CLANG_WARN_BOOL_CONVERSION = YES;
				CLANG_WARN_COMMA = YES;
				CLANG_WARN_CONSTANT_CONVERSION = YES;
				CLANG_WARN_DEPRECATED_OBJC_IMPLEMENTATIONS = YES;
				CLANG_WARN_DIRECT_OBJC_ISA_USAGE = YES_ERROR;
				CLANG_WARN_DOCUMENTATION_COMMENTS = YES;
				CLANG_WARN_EMPTY_BODY = YES;
				CLANG_WARN_ENUM_CONVERSION = YES;
				CLANG_WARN_INFINITE_RECURSION = YES;
				CLANG_WARN_INT_CONVERSION = YES;
				CLANG_WARN_NON_LITERAL_NULL_CONVERSION = YES;
				CLANG_WARN_OBJC_IMPLICIT_RETAIN_SELF = YES;
				CLANG_WARN_OBJC_LITERAL_CONVERSION = YES;
				CLANG_WARN_OBJC_ROOT_CLASS = YES_ERROR;
				CLANG_WARN_QUOTED_INCLUDE_IN_FRAMEWORK_HEADER = YES;
				CLANG_WARN_RANGE_LOOP_ANALYSIS = YES;
				CLANG_WARN_STRICT_PROTOTYPES = YES;
				CLANG_WARN_SUSPICIOUS_MOVE = YES;
				CLANG_WARN_UNGUARDED_AVAILABILITY = YES_AGGRESSIVE;
				CLANG_WARN_UNREACHABLE_CODE = YES;
				CLANG_WARN__DUPLICATE_METHOD_MATCH = YES;
				COPY_PHASE_STRIP = NO;
				DEBUG_INFORMATION_FORMAT = dwarf;
				ENABLE_STRICT_OBJC_MSGSEND = YES;
				ENABLE_TESTABILITY = YES;
				ENABLE_USER_SCRIPT_SANDBOXING = YES;
				GCC_C_LANGUAGE_STANDARD = gnu17;
				GCC_DYNAMIC_NO_PIC = NO;
				GCC_NO_COMMON_BLOCKS = YES;
				GCC_OPTIMIZATION_LEVEL = 0;
				GCC_PREPROCESSOR_DEFINITIONS = (
					"DEBUG=1",
					"$(inherited)",
				);
				GCC_WARN_64_TO_32_BIT_CONVERSION = YES;
				GCC_WARN_ABOUT_RETURN_TYPE = YES_ERROR;
				GCC_WARN_UNDECLARED_SELECTOR = YES;
				GCC_WARN_UNINITIALIZED_AUTOS = YES_AGGRESSIVE;
				GCC_WARN_UNUSED_FUNCTION = YES;
				GCC_WARN_UNUSED_VARIABLE = YES;
				IPHONEOS_DEPLOYMENT_TARGET = 18.1;
				LOCALIZATION_PREFERS_STRING_CATALOGS = YES;
				MTL_ENABLE_DEBUG_INFO = INCLUDE_SOURCE;
				MTL_FAST_MATH = YES;
				ONLY_ACTIVE_ARCH = YES;
				SDKROOT = iphoneos;
				SWIFT_ACTIVE_COMPILATION_CONDITIONS = "DEBUG $(inherited)";
				SWIFT_OPTIMIZATION_LEVEL = "-Onone";
			};
			name = Debug;
		};
		1C1787FE2CDFDFF800C615D9 /* Release */ = {
			isa = XCBuildConfiguration;
			baseConfigurationReferenceAnchor = 1C1787DD2CDFDFF600C615D9 /* Pat */;
			baseConfigurationReferenceRelativePath = Config/Production.xcconfig;
			buildSettings = {
				ALWAYS_SEARCH_USER_PATHS = NO;
				ASSETCATALOG_COMPILER_GENERATE_SWIFT_ASSET_SYMBOL_EXTENSIONS = YES;
				CLANG_ANALYZER_NONNULL = YES;
				CLANG_ANALYZER_NUMBER_OBJECT_CONVERSION = YES_AGGRESSIVE;
				CLANG_CXX_LANGUAGE_STANDARD = "gnu++20";
				CLANG_ENABLE_MODULES = YES;
				CLANG_ENABLE_OBJC_ARC = YES;
				CLANG_ENABLE_OBJC_WEAK = YES;
				CLANG_WARN_BLOCK_CAPTURE_AUTORELEASING = YES;
				CLANG_WARN_BOOL_CONVERSION = YES;
				CLANG_WARN_COMMA = YES;
				CLANG_WARN_CONSTANT_CONVERSION = YES;
				CLANG_WARN_DEPRECATED_OBJC_IMPLEMENTATIONS = YES;
				CLANG_WARN_DIRECT_OBJC_ISA_USAGE = YES_ERROR;
				CLANG_WARN_DOCUMENTATION_COMMENTS = YES;
				CLANG_WARN_EMPTY_BODY = YES;
				CLANG_WARN_ENUM_CONVERSION = YES;
				CLANG_WARN_INFINITE_RECURSION = YES;
				CLANG_WARN_INT_CONVERSION = YES;
				CLANG_WARN_NON_LITERAL_NULL_CONVERSION = YES;
				CLANG_WARN_OBJC_IMPLICIT_RETAIN_SELF = YES;
				CLANG_WARN_OBJC_LITERAL_CONVERSION = YES;
				CLANG_WARN_OBJC_ROOT_CLASS = YES_ERROR;
				CLANG_WARN_QUOTED_INCLUDE_IN_FRAMEWORK_HEADER = YES;
				CLANG_WARN_RANGE_LOOP_ANALYSIS = YES;
				CLANG_WARN_STRICT_PROTOTYPES = YES;
				CLANG_WARN_SUSPICIOUS_MOVE = YES;
				CLANG_WARN_UNGUARDED_AVAILABILITY = YES_AGGRESSIVE;
				CLANG_WARN_UNREACHABLE_CODE = YES;
				CLANG_WARN__DUPLICATE_METHOD_MATCH = YES;
				COPY_PHASE_STRIP = NO;
				DEBUG_INFORMATION_FORMAT = "dwarf-with-dsym";
				ENABLE_NS_ASSERTIONS = NO;
				ENABLE_STRICT_OBJC_MSGSEND = YES;
				ENABLE_USER_SCRIPT_SANDBOXING = YES;
				GCC_C_LANGUAGE_STANDARD = gnu17;
				GCC_NO_COMMON_BLOCKS = YES;
				GCC_WARN_64_TO_32_BIT_CONVERSION = YES;
				GCC_WARN_ABOUT_RETURN_TYPE = YES_ERROR;
				GCC_WARN_UNDECLARED_SELECTOR = YES;
				GCC_WARN_UNINITIALIZED_AUTOS = YES_AGGRESSIVE;
				GCC_WARN_UNUSED_FUNCTION = YES;
				GCC_WARN_UNUSED_VARIABLE = YES;
				IPHONEOS_DEPLOYMENT_TARGET = 18.1;
				LOCALIZATION_PREFERS_STRING_CATALOGS = YES;
				MTL_ENABLE_DEBUG_INFO = NO;
				MTL_FAST_MATH = YES;
				SDKROOT = iphoneos;
				SWIFT_COMPILATION_MODE = wholemodule;
				VALIDATE_PRODUCT = YES;
			};
			name = Release;
		};
		1C1788002CDFDFF800C615D9 /* Debug */ = {
			isa = XCBuildConfiguration;
			baseConfigurationReferenceAnchor = 1C1787DD2CDFDFF600C615D9 /* Pat */;
			baseConfigurationReferenceRelativePath = Config/Development.xcconfig;
			buildSettings = {
				ASSETCATALOG_COMPILER_APPICON_NAME = AppIcon;
				ASSETCATALOG_COMPILER_GLOBAL_ACCENT_COLOR_NAME = AccentColor;
				CODE_SIGN_STYLE = Automatic;
				CURRENT_PROJECT_VERSION = 1;
				DEVELOPMENT_ASSET_PATHS = "\"Pat/Preview Content\"";
				DEVELOPMENT_TEAM = 2MSZNNJ354;
				ENABLE_PREVIEWS = YES;
				GENERATE_INFOPLIST_FILE = YES;
				INFOPLIST_FILE = Pat/Info.plist;
				INFOPLIST_KEY_CFBundleDisplayName = "Pat (Native)";
				INFOPLIST_KEY_LSApplicationCategoryType = "public.app-category.productivity";
				INFOPLIST_KEY_UIApplicationSceneManifest_Generation = YES;
				INFOPLIST_KEY_UIApplicationSupportsIndirectInputEvents = YES;
				INFOPLIST_KEY_UILaunchScreen_Generation = YES;
				INFOPLIST_KEY_UISupportedInterfaceOrientations_iPad = "UIInterfaceOrientationPortrait UIInterfaceOrientationPortraitUpsideDown UIInterfaceOrientationLandscapeLeft UIInterfaceOrientationLandscapeRight";
				INFOPLIST_KEY_UISupportedInterfaceOrientations_iPhone = "UIInterfaceOrientationPortrait UIInterfaceOrientationLandscapeLeft UIInterfaceOrientationLandscapeRight";
				IPHONEOS_DEPLOYMENT_TARGET = 17.0;
				LD_RUNPATH_SEARCH_PATHS = (
					"$(inherited)",
					"@executable_path/Frameworks",
				);
				MARKETING_VERSION = 1.0.0;
				PRODUCT_BUNDLE_IDENTIFIER = dev.timothyw.pat;
				PRODUCT_NAME = "$(TARGET_NAME)";
				SWIFT_EMIT_LOC_STRINGS = YES;
				SWIFT_VERSION = 5.0;
				TARGETED_DEVICE_FAMILY = "1,2";
			};
			name = Debug;
		};
		1C1788012CDFDFF800C615D9 /* Release */ = {
			isa = XCBuildConfiguration;
			baseConfigurationReferenceAnchor = 1C1787DD2CDFDFF600C615D9 /* Pat */;
			baseConfigurationReferenceRelativePath = Config/Production.xcconfig;
			buildSettings = {
				ASSETCATALOG_COMPILER_APPICON_NAME = AppIcon;
				ASSETCATALOG_COMPILER_GLOBAL_ACCENT_COLOR_NAME = AccentColor;
				CODE_SIGN_STYLE = Automatic;
				CURRENT_PROJECT_VERSION = 1;
				DEVELOPMENT_ASSET_PATHS = "\"Pat/Preview Content\"";
				DEVELOPMENT_TEAM = 2MSZNNJ354;
				ENABLE_PREVIEWS = YES;
				GENERATE_INFOPLIST_FILE = YES;
				INFOPLIST_FILE = Pat/Info.plist;
				INFOPLIST_KEY_CFBundleDisplayName = "Pat (Native)";
				INFOPLIST_KEY_LSApplicationCategoryType = "public.app-category.productivity";
				INFOPLIST_KEY_UIApplicationSceneManifest_Generation = YES;
				INFOPLIST_KEY_UIApplicationSupportsIndirectInputEvents = YES;
				INFOPLIST_KEY_UILaunchScreen_Generation = YES;
				INFOPLIST_KEY_UISupportedInterfaceOrientations_iPad = "UIInterfaceOrientationPortrait UIInterfaceOrientationPortraitUpsideDown UIInterfaceOrientationLandscapeLeft UIInterfaceOrientationLandscapeRight";
				INFOPLIST_KEY_UISupportedInterfaceOrientations_iPhone = "UIInterfaceOrientationPortrait UIInterfaceOrientationLandscapeLeft UIInterfaceOrientationLandscapeRight";
				IPHONEOS_DEPLOYMENT_TARGET = 17.0;
				LD_RUNPATH_SEARCH_PATHS = (
					"$(inherited)",
					"@executable_path/Frameworks",
				);
				MARKETING_VERSION = 1.0.0;
				PRODUCT_BUNDLE_IDENTIFIER = dev.timothyw.pat;
				PRODUCT_NAME = "$(TARGET_NAME)";
				SWIFT_EMIT_LOC_STRINGS = YES;
				SWIFT_VERSION = 5.0;
				TARGETED_DEVICE_FAMILY = "1,2";
			};
			name = Release;
		};
		1C1788032CDFDFF800C615D9 /* Debug */ = {
			isa = XCBuildConfiguration;
			buildSettings = {
				BUNDLE_LOADER = "$(TEST_HOST)";
				CODE_SIGN_STYLE = Automatic;
				CURRENT_PROJECT_VERSION = 1;
				GENERATE_INFOPLIST_FILE = YES;
				IPHONEOS_DEPLOYMENT_TARGET = 18.1;
				MARKETING_VERSION = 1.0;
				PRODUCT_BUNDLE_IDENTIFIER = dev.timothyw.PatTests;
				PRODUCT_NAME = "$(TARGET_NAME)";
				SWIFT_EMIT_LOC_STRINGS = NO;
				SWIFT_VERSION = 5.0;
				TARGETED_DEVICE_FAMILY = "1,2";
				TEST_HOST = "$(BUILT_PRODUCTS_DIR)/Pat.app/$(BUNDLE_EXECUTABLE_FOLDER_PATH)/Pat";
			};
			name = Debug;
		};
		1C1788042CDFDFF800C615D9 /* Release */ = {
			isa = XCBuildConfiguration;
			buildSettings = {
				BUNDLE_LOADER = "$(TEST_HOST)";
				CODE_SIGN_STYLE = Automatic;
				CURRENT_PROJECT_VERSION = 1;
				GENERATE_INFOPLIST_FILE = YES;
				IPHONEOS_DEPLOYMENT_TARGET = 18.1;
				MARKETING_VERSION = 1.0;
				PRODUCT_BUNDLE_IDENTIFIER = dev.timothyw.PatTests;
				PRODUCT_NAME = "$(TARGET_NAME)";
				SWIFT_EMIT_LOC_STRINGS = NO;
				SWIFT_VERSION = 5.0;
				TARGETED_DEVICE_FAMILY = "1,2";
				TEST_HOST = "$(BUILT_PRODUCTS_DIR)/Pat.app/$(BUNDLE_EXECUTABLE_FOLDER_PATH)/Pat";
			};
			name = Release;
		};
		1C1788062CDFDFF800C615D9 /* Debug */ = {
			isa = XCBuildConfiguration;
			buildSettings = {
				CODE_SIGN_STYLE = Automatic;
				CURRENT_PROJECT_VERSION = 1;
				GENERATE_INFOPLIST_FILE = YES;
				MARKETING_VERSION = 1.0;
				PRODUCT_BUNDLE_IDENTIFIER = dev.timothyw.PatUITests;
				PRODUCT_NAME = "$(TARGET_NAME)";
				SWIFT_EMIT_LOC_STRINGS = NO;
				SWIFT_VERSION = 5.0;
				TARGETED_DEVICE_FAMILY = "1,2";
				TEST_TARGET_NAME = Pat;
			};
			name = Debug;
		};
		1C1788072CDFDFF800C615D9 /* Release */ = {
			isa = XCBuildConfiguration;
			buildSettings = {
				CODE_SIGN_STYLE = Automatic;
				CURRENT_PROJECT_VERSION = 1;
				GENERATE_INFOPLIST_FILE = YES;
				MARKETING_VERSION = 1.0;
				PRODUCT_BUNDLE_IDENTIFIER = dev.timothyw.PatUITests;
				PRODUCT_NAME = "$(TARGET_NAME)";
				SWIFT_EMIT_LOC_STRINGS = NO;
				SWIFT_VERSION = 5.0;
				TARGETED_DEVICE_FAMILY = "1,2";
				TEST_TARGET_NAME = Pat;
			};
			name = Release;
		};
/* End XCBuildConfiguration section */

/* Begin XCConfigurationList section */
		1C1787D62CDFDFF600C615D9 /* Build configuration list for PBXProject "Pat" */ = {
			isa = XCConfigurationList;
			buildConfigurations = (
				1C1787FD2CDFDFF800C615D9 /* Debug */,
				1C1787FE2CDFDFF800C615D9 /* Release */,
			);
			defaultConfigurationIsVisible = 0;
			defaultConfigurationName = Release;
		};
		1C1787FF2CDFDFF800C615D9 /* Build configuration list for PBXNativeTarget "Pat" */ = {
			isa = XCConfigurationList;
			buildConfigurations = (
				1C1788002CDFDFF800C615D9 /* Debug */,
				1C1788012CDFDFF800C615D9 /* Release */,
			);
			defaultConfigurationIsVisible = 0;
			defaultConfigurationName = Release;
		};
		1C1788022CDFDFF800C615D9 /* Build configuration list for PBXNativeTarget "PatTests" */ = {
			isa = XCConfigurationList;
			buildConfigurations = (
				1C1788032CDFDFF800C615D9 /* Debug */,
				1C1788042CDFDFF800C615D9 /* Release */,
			);
			defaultConfigurationIsVisible = 0;
			defaultConfigurationName = Release;
		};
		1C1788052CDFDFF800C615D9 /* Build configuration list for PBXNativeTarget "PatUITests" */ = {
			isa = XCConfigurationList;
			buildConfigurations = (
				1C1788062CDFDFF800C615D9 /* Debug */,
				1C1788072CDFDFF800C615D9 /* Release */,
			);
			defaultConfigurationIsVisible = 0;
			defaultConfigurationName = Release;
		};
/* End XCConfigurationList section */

/* Begin XCRemoteSwiftPackageReference section */
		1C953C8F2CFFE07E00F08DA8 /* XCRemoteSwiftPackageReference "socket" */ = {
			isa = XCRemoteSwiftPackageReference;
			repositoryURL = "https://github.com/socketio/socket.io-client-swift";
			requirement = {
				branch = master;
				kind = branch;
			};
		};
/* End XCRemoteSwiftPackageReference section */

/* Begin XCSwiftPackageProductDependency section */
		1C953C902CFFE11800F08DA8 /* SocketIO */ = {
			isa = XCSwiftPackageProductDependency;
			package = 1C953C8F2CFFE07E00F08DA8 /* XCRemoteSwiftPackageReference "socket" */;
			productName = SocketIO;
		};
/* End XCSwiftPackageProductDependency section */
	};
	rootObject = 1C1787D32CDFDFF600C615D9 /* Project object */;
}
